{
  "version": 4,
  "terraform_version": "0.12.8",
  "serial": 76,
  "lineage": "a965c46f-b8c7-fece-c2bf-3d8156d62711",
  "outputs": {
    "storage-bucket_url": {
      "value": "gs://crawler-app-storage",
      "type": "string"
    }
  },
  "resources": [
    {
      "mode": "managed",
      "type": "google_compute_firewall",
      "name": "kubernetes-nodeports",
      "provider": "provider.google",
      "instances": [
        {
          "schema_version": 1,
          "attributes": {
            "allow": [
              {
                "ports": [
                  "30000-32767"
                ],
                "protocol": "tcp"
              }
            ],
            "creation_timestamp": "2020-07-19T20:54:36.692-07:00",
            "deny": [],
            "description": "",
            "destination_ranges": [],
            "direction": "INGRESS",
            "disabled": false,
            "id": "projects/crawler-282412/global/firewalls/kubernetes-nodeports-default",
            "name": "kubernetes-nodeports-default",
            "network": "https://www.googleapis.com/compute/v1/projects/crawler-282412/global/networks/default",
            "priority": 1000,
            "project": "crawler-282412",
            "self_link": "https://www.googleapis.com/compute/v1/projects/crawler-282412/global/firewalls/kubernetes-nodeports-default",
            "source_ranges": [
              "0.0.0.0/0"
            ],
            "source_service_accounts": [],
            "source_tags": [],
            "target_service_accounts": [],
            "target_tags": [],
            "timeouts": null
          },
          "private": "eyJlMmJmYjczMC1lY2FhLTExZTYtOGY4OC0zNDM2M2JjN2M0YzAiOnsiY3JlYXRlIjoyNDAwMDAwMDAwMDAsImRlbGV0ZSI6MjQwMDAwMDAwMDAwLCJ1cGRhdGUiOjI0MDAwMDAwMDAwMH0sInNjaGVtYV92ZXJzaW9uIjoiMSJ9"
        }
      ]
    },
    {
      "mode": "managed",
      "type": "google_container_cluster",
      "name": "kubernetes-cluster",
      "provider": "provider.google",
      "instances": [
        {
          "schema_version": 1,
          "attributes": {
            "additional_zones": null,
            "addons_config": [
              {
                "horizontal_pod_autoscaling": [],
                "http_load_balancing": [],
                "kubernetes_dashboard": [],
                "network_policy_config": [
                  {
                    "disabled": false
                  }
                ]
              }
            ],
            "cluster_autoscaling": [],
            "cluster_ipv4_cidr": "10.56.0.0/14",
            "default_max_pods_per_node": null,
            "description": "",
            "enable_binary_authorization": null,
            "enable_intranode_visibility": null,
            "enable_kubernetes_alpha": false,
            "enable_legacy_abac": false,
            "enable_tpu": null,
            "endpoint": "35.205.59.60",
            "id": "projects/crawler-282412/locations/europe-west1-b/clusters/crawler",
            "initial_node_count": 4,
            "instance_group_urls": [
              "https://www.googleapis.com/compute/v1/projects/crawler-282412/zones/europe-west1-b/instanceGroups/gke-crawler-default-pool-4d2387ff-grp"
            ],
            "ip_allocation_policy": [],
            "location": "europe-west1-b",
            "logging_service": "logging.googleapis.com/kubernetes",
            "maintenance_policy": [],
            "master_auth": [
              {
                "client_certificate": "",
                "client_certificate_config": [
                  {
                    "issue_client_certificate": false
                  }
                ],
                "client_key": "",
                "cluster_ca_certificate": "LS0tLS1CRUdJTiBDRVJUSUZJQ0FURS0tLS0tCk1JSURDekNDQWZPZ0F3SUJBZ0lRS0ZDZndEMml3S0JxQ0VUSm9CVDQ1REFOQmdrcWhraUc5dzBCQVFzRkFEQXYKTVMwd0t3WURWUVFERXlRNU9UTmtNREpqTVMwNU5UQTVMVFEzT1RJdFltTmlaaTA1TURWak1HWTVaamRpWmpVdwpIaGNOTWpBd056SXdNREkxTkRNMldoY05NalV3TnpFNU1ETTFORE0yV2pBdk1TMHdLd1lEVlFRREV5UTVPVE5rCk1ESmpNUzA1TlRBNUxUUTNPVEl0WW1OaVppMDVNRFZqTUdZNVpqZGlaalV3Z2dFaU1BMEdDU3FHU0liM0RRRUIKQVFVQUE0SUJEd0F3Z2dFS0FvSUJBUURCZTNvRWQ4QjlKNVRxdGd1NElzRllqQ0dKaHRJeTVqeGNrQkc2MlhGSApROW1lc1ZzQ0xBZWdNRHczY1FSYkZzejFXa2pScGR3TlRTMFJJTUFHVkxlZjBjYWJTSnFJTklMejY4c01zTTdyClA4QlVjY25wUTdrdHI3cU5qUElTdjJ2SW52TUtncllsN1BEK2xMbnRIS25SWXIwQUJUOVlObjcyWlYwbGxwdXEKczdZWHQrZk9nVDJleS9FOGVGd2w3dlRMdG9IeTZDK2NHM1Q0elBJSGd5bGhMRFlVMG9pbTVHQ2NiRkpMZjM0ZQpwdkVrRjI1M2FQSy9VQUpONEwxNHRmbzlLNjh4WU5LZm9vYmM5RS9vWnNVdy9vM082VzVja1dpZnQ3RTFkcDYrCmZ2MnQ4ZjBKeFQ0VHNNZ0NEMnBYWkhIS2d4MFJGQ0dxTzRDL1lSblpaaGJsQWdNQkFBR2pJekFoTUE0R0ExVWQKRHdFQi93UUVBd0lDQkRBUEJnTlZIUk1CQWY4RUJUQURBUUgvTUEwR0NTcUdTSWIzRFFFQkN3VUFBNElCQVFBOApoOUtURjE1ZjdmMVB5N3FqZ0laNEJnQnp1QW84UnBObktoMk9URUtjTkFpcmFLQldPKys0TjdzQXdmalluZlc5ClpqZmVkNXVMcFRPRzJGcUN1VXRNRGJ1WXF5N2NrSXRPRnVFVGNtSDZSNmd4bjBOUnVqZ1ZNV0pYd0ZIRVNjS1IKeDNZNHltcTJyc3RWd2pxcUF6RnJUNnZyVUtqMWFFZmtDZlgrOHFsa0ZFbmdLTGpOWUZHSnFReG9OdHUya1QrSApVZUI1czdsNWRNZWN1c1lKOUxwZkN3UERXcG1VOGRBaDdYdHAycmlYOC85RmpjWHFySDZLZ0hjazdQaHF0dDNTClFSd1Q0OU1sZWR3NFhuY0thNzZUZGtiRTdhSmhlSnZKMllCVVRqNzB1V3NZbjlobW95WUFVRWhKYlNTTEpKK3MKRHAxcU16aSs1djRJRDJNemwzcloKLS0tLS1FTkQgQ0VSVElGSUNBVEUtLS0tLQo=",
                "password": "",
                "username": ""
              }
            ],
            "master_authorized_networks_config": [],
            "master_version": "1.14.10-gke.36",
            "min_master_version": null,
            "monitoring_service": "monitoring.googleapis.com/kubernetes",
            "name": "crawler",
            "network": "projects/crawler-282412/global/networks/default",
            "network_policy": [
              {
                "enabled": true,
                "provider": "CALICO"
              }
            ],
            "node_config": [
              {
                "disk_size_gb": 20,
                "disk_type": "pd-standard",
                "guest_accelerator": [],
                "image_type": "COS",
                "labels": {},
                "local_ssd_count": 0,
                "machine_type": "g1-small",
                "metadata": {
                  "disable-legacy-endpoints": "true"
                },
                "min_cpu_platform": "",
                "oauth_scopes": [
                  "https://www.googleapis.com/auth/devstorage.read_only",
                  "https://www.googleapis.com/auth/logging.write",
                  "https://www.googleapis.com/auth/monitoring",
                  "https://www.googleapis.com/auth/service.management.readonly",
                  "https://www.googleapis.com/auth/servicecontrol",
                  "https://www.googleapis.com/auth/trace.append"
                ],
                "preemptible": false,
                "sandbox_config": [],
                "service_account": "default",
                "shielded_instance_config": [
                  {
                    "enable_integrity_monitoring": true,
                    "enable_secure_boot": false
                  }
                ],
                "tags": [],
                "taint": [],
                "workload_metadata_config": []
              }
            ],
            "node_locations": [],
            "node_pool": [
              {
                "autoscaling": [],
                "initial_node_count": 4,
                "instance_group_urls": [
                  "https://www.googleapis.com/compute/v1/projects/crawler-282412/zones/europe-west1-b/instanceGroupManagers/gke-crawler-default-pool-4d2387ff-grp"
                ],
                "management": [
                  {
                    "auto_repair": true,
                    "auto_upgrade": true
                  }
                ],
                "max_pods_per_node": 0,
                "name": "default-pool",
                "name_prefix": "",
                "node_config": [
                  {
                    "disk_size_gb": 20,
                    "disk_type": "pd-standard",
                    "guest_accelerator": [],
                    "image_type": "COS",
                    "labels": {},
                    "local_ssd_count": 0,
                    "machine_type": "g1-small",
                    "metadata": {
                      "disable-legacy-endpoints": "true"
                    },
                    "min_cpu_platform": "",
                    "oauth_scopes": [
                      "https://www.googleapis.com/auth/devstorage.read_only",
                      "https://www.googleapis.com/auth/logging.write",
                      "https://www.googleapis.com/auth/monitoring",
                      "https://www.googleapis.com/auth/service.management.readonly",
                      "https://www.googleapis.com/auth/servicecontrol",
                      "https://www.googleapis.com/auth/trace.append"
                    ],
                    "preemptible": false,
                    "sandbox_config": [],
                    "service_account": "default",
                    "shielded_instance_config": [
                      {
                        "enable_integrity_monitoring": true,
                        "enable_secure_boot": false
                      }
                    ],
                    "tags": [],
                    "taint": [],
                    "workload_metadata_config": []
                  }
                ],
                "node_count": 4,
                "version": "1.14.10-gke.36"
              }
            ],
            "node_version": "1.14.10-gke.36",
            "pod_security_policy_config": [],
            "private_cluster_config": [],
            "project": "crawler-282412",
            "region": null,
            "remove_default_node_pool": null,
            "resource_labels": {},
            "services_ipv4_cidr": "10.59.240.0/20",
            "subnetwork": "projects/crawler-282412/regions/europe-west1/subnetworks/default",
            "timeouts": {
              "create": "20m",
              "delete": null,
              "update": "10m"
            },
            "zone": null
          },
          "private": "eyJlMmJmYjczMC1lY2FhLTExZTYtOGY4OC0zNDM2M2JjN2M0YzAiOnsiY3JlYXRlIjoxMjAwMDAwMDAwMDAwLCJkZWxldGUiOjE4MDAwMDAwMDAwMDAsInVwZGF0ZSI6NjAwMDAwMDAwMDAwfSwic2NoZW1hX3ZlcnNpb24iOiIxIn0="
        }
      ]
    },
    {
      "module": "module.storage-bucket",
      "mode": "managed",
      "type": "google_storage_bucket",
      "name": "default",
      "each": "list",
      "provider": "provider.google",
      "instances": [
        {
          "index_key": 0,
          "schema_version": 0,
          "attributes": {
            "bucket_policy_only": false,
            "cors": [],
            "encryption": [
              {
                "default_kms_key_name": ""
              }
            ],
            "force_destroy": false,
            "id": "crawler-app-storage",
            "labels": {
              "attributes": "",
              "environment": "",
              "name": "crawler-app-storage",
              "namespace": "",
              "stage": ""
            },
            "lifecycle_rule": [
              {
                "action": [
                  {
                    "storage_class": "NEARLINE",
                    "type": "SetStorageClass"
                  }
                ],
                "condition": [
                  {
                    "age": 60,
                    "created_before": "",
                    "is_live": false,
                    "matches_storage_class": [
                      "REGIONAL"
                    ],
                    "num_newer_versions": 10,
                    "with_state": "ANY"
                  }
                ]
              }
            ],
            "location": "EUROPE-WEST1",
            "logging": [],
            "name": "crawler-app-storage",
            "project": "crawler-282412",
            "requester_pays": false,
            "retention_policy": [],
            "self_link": "https://www.googleapis.com/storage/v1/b/crawler-app-storage",
            "storage_class": "REGIONAL",
            "url": "gs://crawler-app-storage",
            "versioning": [
              {
                "enabled": true
              }
            ],
            "website": []
          },
          "private": "bnVsbA==",
          "depends_on": [
            "module.label"
          ]
        }
      ]
    },
    {
      "module": "module.storage-bucket",
      "mode": "managed",
      "type": "google_storage_bucket_acl",
      "name": "default",
      "each": "list",
      "provider": "provider.google",
      "instances": [
        {
          "index_key": 0,
          "schema_version": 0,
          "attributes": {
            "bucket": "crawler-app-storage",
            "default_acl": "projectPrivate",
            "id": "crawler-app-storage-acl",
            "predefined_acl": null,
            "role_entity": []
          },
          "private": "bnVsbA==",
          "depends_on": [
            "google_storage_bucket.default"
          ]
        }
      ]
    }
  ]
}
